// !$*UTF8*$!
{
	archiveVersion = 1;
	classes = {
	};
	objectVersion = 77;
	objects = {

/* Begin PBXBuildFile section */
		00DC0B0A8D261A9015CE9308 /* PlayerView.swift in Sources */ = {isa = PBXBuildFile; fileRef = BB87D0D74C7CB27B06EBBC4A /* PlayerView.swift */; };
		01259DBB84CEFA52CB5BC8C1 /* ContentView.swift in Sources */ = {isa = PBXBuildFile; fileRef = 6F4341B27BB1A860CB183467 /* ContentView.swift */; };
		020C5667E8D08A0C9B03EC8E /* SettingsView.swift in Sources */ = {isa = PBXBuildFile; fileRef = A10969CAA236B75C35062BCE /* SettingsView.swift */; };
		058BC2FBB08D016A6FCF4C13 /* FavoritesView.swift in Sources */ = {isa = PBXBuildFile; fileRef = 06CD8B07440DBB1EF2807795 /* FavoritesView.swift */; };
		073BA70E29280BDF914166CF /* SearchView.swift in Sources */ = {isa = PBXBuildFile; fileRef = 8AAD980DF9D6ABDD040AC805 /* SearchView.swift */; };
		0B78C3CA1D93FA29531ABD0B /* Movie.swift in Sources */ = {isa = PBXBuildFile; fileRef = D791457269BE952C496ECE55 /* Movie.swift */; };
		0CE56FEF7BEDF2D9AF2DD1AD /* PlayerGestureLayer.swift in Sources */ = {isa = PBXBuildFile; fileRef = E7491D05031A04661718FF52 /* PlayerGestureLayer.swift */; };
		0D5200B31179039E1BB61DE5 /* HapticManager.swift in Sources */ = {isa = PBXBuildFile; fileRef = EF32540F2107786AF4ECD571 /* HapticManager.swift */; };
		0E9ABBA046E84A91B5DC3BBB /* ContentView.swift in Sources */ = {isa = PBXBuildFile; fileRef = 6F4341B27BB1A860CB183467 /* ContentView.swift */; };
		100ED189186C10410BE683C5 /* PlayerEngine.swift in Sources */ = {isa = PBXBuildFile; fileRef = B2BF545AAFFFFD0B6F7B33E8 /* PlayerEngine.swift */; };
		12314BE9C595577FEE1839BB /* Extensions.swift in Sources */ = {isa = PBXBuildFile; fileRef = 016DC7547EE0DE345E510288 /* Extensions.swift */; };
		16D0E98EA5DF105764396919 /* DesignSystem.swift in Sources */ = {isa = PBXBuildFile; fileRef = 6EE08247136FF788C621DA20 /* DesignSystem.swift */; };
		17BAC049400FFF5487ECD23B /* SourceBean.swift in Sources */ = {isa = PBXBuildFile; fileRef = 617855BC3AE2B293C71A0DA4 /* SourceBean.swift */; };
		19291FACD401CDE0E6E2963E /* LiveViewModel.swift in Sources */ = {isa = PBXBuildFile; fileRef = 21306B53D5CA8BB88593A55D /* LiveViewModel.swift */; };
		19FCB4D2A58F2CA96183E67A /* PlayerGestureLayer.swift in Sources */ = {isa = PBXBuildFile; fileRef = E7491D05031A04661718FF52 /* PlayerGestureLayer.swift */; };
		1D0C0D4DD4E22EC319637BDF /* SearchViewModel.swift in Sources */ = {isa = PBXBuildFile; fileRef = 0C0217E00DE1B92A89B4D7C3 /* SearchViewModel.swift */; };
		205509C747774AFBAB4F9645 /* VodCardView.swift in Sources */ = {isa = PBXBuildFile; fileRef = F905D1244D5DE13DBCEE170F /* VodCardView.swift */; };
		211847D0D4F382678F5EDE96 /* VLCKitSPM in Frameworks */ = {isa = PBXBuildFile; productRef = A8E4ADD9D85C0FCB9811382F /* VLCKitSPM */; };
		217BB4F40B9348F439749C70 /* VodCardView.swift in Sources */ = {isa = PBXBuildFile; fileRef = F905D1244D5DE13DBCEE170F /* VodCardView.swift */; };
		267A5751434568E302E0C902 /* LiveView.swift in Sources */ = {isa = PBXBuildFile; fileRef = B3D8D6F9D894DBE0594084F9 /* LiveView.swift */; };
		2AAA54BEC34D9A528B2208ED /* SourceService.swift in Sources */ = {isa = PBXBuildFile; fileRef = D5DFDD8C597739AD4B443C03 /* SourceService.swift */; };
		2C85CE605FC864EB479F3CCC /* DesignSystem.swift in Sources */ = {isa = PBXBuildFile; fileRef = 6EE08247136FF788C621DA20 /* DesignSystem.swift */; };
		2F841DB8CE3BFB7C4F391B52 /* PlayerEngine.swift in Sources */ = {isa = PBXBuildFile; fileRef = B2BF545AAFFFFD0B6F7B33E8 /* PlayerEngine.swift */; };
		32340EF75714EF664DC9512D /* HomeViewModel.swift in Sources */ = {isa = PBXBuildFile; fileRef = 2C92A5E4E28B59BF75D39706 /* HomeViewModel.swift */; };
		329F390FCD9530CE2B19B397 /* HapticManager.swift in Sources */ = {isa = PBXBuildFile; fileRef = EF32540F2107786AF4ECD571 /* HapticManager.swift */; };
		3769620D47D8651BEBC0B1F1 /* AddPageSheet.swift in Sources */ = {isa = PBXBuildFile; fileRef = 20A55A948F85435F0D52336B /* AddPageSheet.swift */; };
		3D4BF5AA117918AA2A245DC4 /* AddPageSheet.swift in Sources */ = {isa = PBXBuildFile; fileRef = 20A55A948F85435F0D52336B /* AddPageSheet.swift */; };
		3E399383D92192CDA8840FEB /* AppConfig.swift in Sources */ = {isa = PBXBuildFile; fileRef = DDB6B7E1747D5E2C29B54066 /* AppConfig.swift */; };
		3F69F139D892A91CA7DA6C73 /* ApiConfig.swift in Sources */ = {isa = PBXBuildFile; fileRef = D6F94E23C5085A1C8ACB4856 /* ApiConfig.swift */; };
		45D7A96C98872769AE01C131 /* tvboxApp.swift in Sources */ = {isa = PBXBuildFile; fileRef = 54D163D4F6A45E9ACA696071 /* tvboxApp.swift */; };
		4818D9D8E7F22327C7561718 /* SpiderDOM-LICENSE.txt in Resources */ = {isa = PBXBuildFile; fileRef = F9D8F43EAE0E8E575EA7BF5C /* SpiderDOM-LICENSE.txt */; };
		485F358B964A4CB6E5AC4E03 /* Movie.swift in Sources */ = {isa = PBXBuildFile; fileRef = D791457269BE952C496ECE55 /* Movie.swift */; };
		49FCE735A7CD8228369E3824 /* SourceService.swift in Sources */ = {isa = PBXBuildFile; fileRef = D5DFDD8C597739AD4B443C03 /* SourceService.swift */; };
		4C4402D4594D06EA9D76960A /* SettingsViewModel.swift in Sources */ = {isa = PBXBuildFile; fileRef = 0A7F257F6B68F93D58E8C032 /* SettingsViewModel.swift */; };
		4E84E7083C81F5A8E3C8FFD8 /* DetailView.swift in Sources */ = {isa = PBXBuildFile; fileRef = 131429F267F6A418C282831A /* DetailView.swift */; };
		5230AE350F993A4792B03F74 /* NetworkManager.swift in Sources */ = {isa = PBXBuildFile; fileRef = D1006DD8209F63DC3AC3C718 /* NetworkManager.swift */; };
		530B86138F2A404353CE37AB /* LiveView.swift in Sources */ = {isa = PBXBuildFile; fileRef = B3D8D6F9D894DBE0594084F9 /* LiveView.swift */; };
		5635EDE05BF18233EA17E0B1 /* DrpyRuntime.swift in Sources */ = {isa = PBXBuildFile; fileRef = F94A00A34008D4CDDDF8C42B /* DrpyRuntime.swift */; };
		5931E2182CBA71FD467BC61B /* NetworkManager.swift in Sources */ = {isa = PBXBuildFile; fileRef = D1006DD8209F63DC3AC3C718 /* NetworkManager.swift */; };
		59DB9B1D12BAAA2F654579FE /* SearchView.swift in Sources */ = {isa = PBXBuildFile; fileRef = 8AAD980DF9D6ABDD040AC805 /* SearchView.swift */; };
		5D208E481C6F97783B92E78C /* HomeViewModel.swift in Sources */ = {isa = PBXBuildFile; fileRef = 2C92A5E4E28B59BF75D39706 /* HomeViewModel.swift */; };
		5D58C173207184E4DF141867 /* SpiderDOM.js in Resources */ = {isa = PBXBuildFile; fileRef = D8C9AE4C996D575C52B34873 /* SpiderDOM.js */; };
		5E87760B3FDD9FCA2A532221 /* ProfileView.swift in Sources */ = {isa = PBXBuildFile; fileRef = E81C1B0D20EE3EFB6B58418B /* ProfileView.swift */; };
		5EB3F1571D44835F105ED6E9 /* HomeView.swift in Sources */ = {isa = PBXBuildFile; fileRef = 90F26F870D1B587C1292A189 /* HomeView.swift */; };
		5FE9E153523D77AB24B16A7E /* Extensions.swift in Sources */ = {isa = PBXBuildFile; fileRef = 016DC7547EE0DE345E510288 /* Extensions.swift */; };
		633D74B74AE0C1C9E040D905 /* JSSpiderEngine.swift in Sources */ = {isa = PBXBuildFile; fileRef = D7E4C072E6E08BB69F8197AA /* JSSpiderEngine.swift */; };
		633ECC16BBEA9AB61841F8A3 /* ApiConfig.swift in Sources */ = {isa = PBXBuildFile; fileRef = D6F94E23C5085A1C8ACB4856 /* ApiConfig.swift */; };
		6765DB90DA62DBEE185104F7 /* DetailView.swift in Sources */ = {isa = PBXBuildFile; fileRef = 131429F267F6A418C282831A /* DetailView.swift */; };
		68A7BF3D3ECDA73637B644C8 /* MovieSort.swift in Sources */ = {isa = PBXBuildFile; fileRef = 0212ABEA698460948737CABE /* MovieSort.swift */; };
		69BDB52A3ADDA43EAE59DE4B /* EpisodeListView.swift in Sources */ = {isa = PBXBuildFile; fileRef = B9D5D580A3FABBCD5EE1F9A0 /* EpisodeListView.swift */; };
		6EC44AD626C64BC902CD9D1B /* CacheStore.swift in Sources */ = {isa = PBXBuildFile; fileRef = BFD32454522C32D876921A30 /* CacheStore.swift */; };
		70FE86F693F4A3B299B3E57E /* XptvPresetSources.swift in Sources */ = {isa = PBXBuildFile; fileRef = 4881D1654B02C41794F52423 /* XptvPresetSources.swift */; };
		72A1006A1A66F1721DD1618E /* EpisodeListView.swift in Sources */ = {isa = PBXBuildFile; fileRef = B9D5D580A3FABBCD5EE1F9A0 /* EpisodeListView.swift */; };
		74D54978A79B511FDE79524D /* VodInfo.swift in Sources */ = {isa = PBXBuildFile; fileRef = AA608E781D094B187D3034FD /* VodInfo.swift */; };
		7686C56E8FB63134FF878EDE /* DetailViewModel.swift in Sources */ = {isa = PBXBuildFile; fileRef = 6D8B3DC7E0B9C01A294C47FC /* DetailViewModel.swift */; };
		7B76864A9BC631F1A86E8104 /* MovieSort.swift in Sources */ = {isa = PBXBuildFile; fileRef = 0212ABEA698460948737CABE /* MovieSort.swift */; };
		7C95C692E1A80145DED49DD3 /* Assets.xcassets in Resources */ = {isa = PBXBuildFile; fileRef = 3EE159FC0B6328166F56CE36 /* Assets.xcassets */; };
		7CC2D33B7B438A89B03990EC /* LiveModels.swift in Sources */ = {isa = PBXBuildFile; fileRef = CE83E7D21400ACFE3BC6ED38 /* LiveModels.swift */; };
		7D0F71AA151C3F8CE8EB962B /* LivePlayerGestureLayer.swift in Sources */ = {isa = PBXBuildFile; fileRef = 7A12D4549628C3FFBA736748 /* LivePlayerGestureLayer.swift */; };
		7F03AE3E3CFBA28177A7CA43 /* SpiderDOM.js in Resources */ = {isa = PBXBuildFile; fileRef = D8C9AE4C996D575C52B34873 /* SpiderDOM.js */; };
		80886C0A593DE429B8A62C4C /* SettingsViewModel.swift in Sources */ = {isa = PBXBuildFile; fileRef = 0A7F257F6B68F93D58E8C032 /* SettingsViewModel.swift */; };
		83A7D5C99EF218624DBBCAA2 /* EmptyStateView.swift in Sources */ = {isa = PBXBuildFile; fileRef = 8E7FB1EF8D1D9B109BFE7981 /* EmptyStateView.swift */; };
		85094ADB7683C758B5F5F835 /* VLCPlayerView.swift in Sources */ = {isa = PBXBuildFile; fileRef = DEDBFF884A656042E3EF74AA /* VLCPlayerView.swift */; };
		9231BB5D5B5D6E7172B46775 /* ChannelOverlayGroupWidthPropertyTests.swift in Sources */ = {isa = PBXBuildFile; fileRef = 7FAB47D447BF6A9FC1A80BE9 /* ChannelOverlayGroupWidthPropertyTests.swift */; };
		960791F95D922E104CD855F8 /* VLCKitSPM in Frameworks */ = {isa = PBXBuildFile; productRef = 1C6BDE11E85522F286D15861 /* VLCKitSPM */; };
		969EE3F9ACF8E1A3026CC37F /* DetailViewModel.swift in Sources */ = {isa = PBXBuildFile; fileRef = 6D8B3DC7E0B9C01A294C47FC /* DetailViewModel.swift */; };
		97B3904616111CE93232423E /* HomeView.swift in Sources */ = {isa = PBXBuildFile; fileRef = 90F26F870D1B587C1292A189 /* HomeView.swift */; };
		9995EE797BCD482A8D371F26 /* PlayerGestureLayerZoomClampingTests.swift in Sources */ = {isa = PBXBuildFile; fileRef = A5767F0D984BBEFBB9101110 /* PlayerGestureLayerZoomClampingTests.swift */; };
		9B53D7CD9BD54DE0834D7FC7 /* Assets.xcassets in Resources */ = {isa = PBXBuildFile; fileRef = 3EE159FC0B6328166F56CE36 /* Assets.xcassets */; };
		9FCA2C5CC08A9369EA53B130 /* LiveViewModel.swift in Sources */ = {isa = PBXBuildFile; fileRef = 21306B53D5CA8BB88593A55D /* LiveViewModel.swift */; };
		A1B1DE2C9A23253A8E7DB70A /* XptvPresetSources.swift in Sources */ = {isa = PBXBuildFile; fileRef = 4881D1654B02C41794F52423 /* XptvPresetSources.swift */; };
		AA1A2F741094AAC763DDD361 /* JSSpiderEngine.swift in Sources */ = {isa = PBXBuildFile; fileRef = D7E4C072E6E08BB69F8197AA /* JSSpiderEngine.swift */; };
		B06E33645C9D8322D7474962 /* HistoryView.swift in Sources */ = {isa = PBXBuildFile; fileRef = DE52456C613016065CF59F9C /* HistoryView.swift */; };
		B271873FE89F02840EAC6975 /* VLCPlayerView.swift in Sources */ = {isa = PBXBuildFile; fileRef = DEDBFF884A656042E3EF74AA /* VLCPlayerView.swift */; };
		B42C3B637B6082ECD044DBFE /* ChannelOverlayView.swift in Sources */ = {isa = PBXBuildFile; fileRef = 74B2E6B616F6AE034C7CC242 /* ChannelOverlayView.swift */; };
		B86C3ACE754B5F52B70588A9 /* NetworkMonitor.swift in Sources */ = {isa = PBXBuildFile; fileRef = 7752B731B0A015EB4B85BFB1 /* NetworkMonitor.swift */; };
		BB051B00E5F63DCFF9BC013A /* EmptyStateView.swift in Sources */ = {isa = PBXBuildFile; fileRef = 8E7FB1EF8D1D9B109BFE7981 /* EmptyStateView.swift */; };
		BB36351815C53AC6EACB475A /* VodInfo.swift in Sources */ = {isa = PBXBuildFile; fileRef = AA608E781D094B187D3034FD /* VodInfo.swift */; };
		BCB780FC2D4AAEE0916405CB /* xptv_sources.json in Resources */ = {isa = PBXBuildFile; fileRef = 61A01DF8207B35D63D075056 /* xptv_sources.json */; };
		BD7E2108F8C884E1DD6EC1B9 /* tvboxApp.swift in Sources */ = {isa = PBXBuildFile; fileRef = 54D163D4F6A45E9ACA696071 /* tvboxApp.swift */; };
		C04126B16A89AF84E7EAC441 /* PlayerGestureLayerZoneClassificationTests.swift in Sources */ = {isa = PBXBuildFile; fileRef = 5EDFB004DA6642926C611BC9 /* PlayerGestureLayerZoneClassificationTests.swift */; };
		C13E02E9A6451F57D21590A3 /* SourceBean.swift in Sources */ = {isa = PBXBuildFile; fileRef = 617855BC3AE2B293C71A0DA4 /* SourceBean.swift */; };
		CF28A416A2BCEF2E37892899 /* ChannelOverlayGroupWidthPropertyTests.swift in Sources */ = {isa = PBXBuildFile; fileRef = 7FAB47D447BF6A9FC1A80BE9 /* ChannelOverlayGroupWidthPropertyTests.swift */; };
		CFE65EACCC8FC5B270E21E74 /* xptv_sources.json in Resources */ = {isa = PBXBuildFile; fileRef = 61A01DF8207B35D63D075056 /* xptv_sources.json */; };
		CFF1FF7DF205B2E3CFBF9DD0 /* PlayerGestureLayerZoomClampingTests.swift in Sources */ = {isa = PBXBuildFile; fileRef = A5767F0D984BBEFBB9101110 /* PlayerGestureLayerZoomClampingTests.swift */; };
		D3B09E23F0DFA6298CCE6B40 /* PlayerGestureLayerTests.swift in Sources */ = {isa = PBXBuildFile; fileRef = 9777D260D16B089DA2DACB22 /* PlayerGestureLayerTests.swift */; };
		D6F4B32786BF79CBF6AB77EA /* AppConfig.swift in Sources */ = {isa = PBXBuildFile; fileRef = DDB6B7E1747D5E2C29B54066 /* AppConfig.swift */; };
		D8412DB044659CA4507DE219 /* HistoryView.swift in Sources */ = {isa = PBXBuildFile; fileRef = DE52456C613016065CF59F9C /* HistoryView.swift */; };
		DB893501C654D6CC2D71D198 /* CacheStore.swift in Sources */ = {isa = PBXBuildFile; fileRef = BFD32454522C32D876921A30 /* CacheStore.swift */; };
		E743E2AFAE1208AD145A13D3 /* SpiderDOM-LICENSE.txt in Resources */ = {isa = PBXBuildFile; fileRef = F9D8F43EAE0E8E575EA7BF5C /* SpiderDOM-LICENSE.txt */; };
		E983FD4D6902C9F359528F2E /* LiveModels.swift in Sources */ = {isa = PBXBuildFile; fileRef = CE83E7D21400ACFE3BC6ED38 /* LiveModels.swift */; };
		E9DE1232C207925E93343E15 /* ProfileView.swift in Sources */ = {isa = PBXBuildFile; fileRef = E81C1B0D20EE3EFB6B58418B /* ProfileView.swift */; };
		ED9018DE19A38BEF616B71A3 /* LivePlayerGestureLayer.swift in Sources */ = {isa = PBXBuildFile; fileRef = 7A12D4549628C3FFBA736748 /* LivePlayerGestureLayer.swift */; };
		F01490300EAFDF38F8BD5D46 /* NetworkMonitor.swift in Sources */ = {isa = PBXBuildFile; fileRef = 7752B731B0A015EB4B85BFB1 /* NetworkMonitor.swift */; };
		F19D2281D427FEE5B1349769 /* ChannelOverlayView.swift in Sources */ = {isa = PBXBuildFile; fileRef = 74B2E6B616F6AE034C7CC242 /* ChannelOverlayView.swift */; };
		F351B1ECC80D0C2A15DE2BEC /* PlayerGestureLayerPropertyTests.swift in Sources */ = {isa = PBXBuildFile; fileRef = 269FD665F80615609817E428 /* PlayerGestureLayerPropertyTests.swift */; };
		F49BBFD0CCDE27C63FD97180 /* FavoritesView.swift in Sources */ = {isa = PBXBuildFile; fileRef = 06CD8B07440DBB1EF2807795 /* FavoritesView.swift */; };
		F6E863F58C52916EAB766B60 /* PlayerView.swift in Sources */ = {isa = PBXBuildFile; fileRef = BB87D0D74C7CB27B06EBBC4A /* PlayerView.swift */; };
		F911F241653C76EABDA844A9 /* SearchViewModel.swift in Sources */ = {isa = PBXBuildFile; fileRef = 0C0217E00DE1B92A89B4D7C3 /* SearchViewModel.swift */; };
		FA5621E49A1014D014A5906E /* SettingsView.swift in Sources */ = {isa = PBXBuildFile; fileRef = A10969CAA236B75C35062BCE /* SettingsView.swift */; };
		FBE2D5A6A44D153036A88F2A /* DrpyRuntime.swift in Sources */ = {isa = PBXBuildFile; fileRef = F94A00A34008D4CDDDF8C42B /* DrpyRuntime.swift */; };
		FFA89F351987A1217DBC56B2 /* PlayerGestureLayerPropertyTests.swift in Sources */ = {isa = PBXBuildFile; fileRef = 269FD665F80615609817E428 /* PlayerGestureLayerPropertyTests.swift */; };
		A1B1DE2C9A23253A8E7DB70B /* HLSResourceLoaderDelegate.swift in Sources */ = {isa = PBXBuildFile; fileRef = 4881D1654B02C41794F52424 /* HLSResourceLoaderDelegate.swift */; };
		70FE86F693F4A3B299B3E57F /* HLSResourceLoaderDelegate.swift in Sources */ = {isa = PBXBuildFile; fileRef = 4881D1654B02C41794F52424 /* HLSResourceLoaderDelegate.swift */; };
/* End PBXBuildFile section */

/* Begin PBXContainerItemProxy section */
		7239DE519CCBFDEB377CA655 /* PBXContainerItemProxy */ = {
			isa = PBXContainerItemProxy;
			containerPortal = 4FDAB104B1C6110A770CC389 /* Project object */;
			proxyType = 1;
			remoteGlobalIDString = 11562C2D9CA08B82105BC7B6;
			remoteInfo = tvbox;
		};
		A86A49D753626DA6D45004CE /* PBXContainerItemProxy */ = {
			isa = PBXContainerItemProxy;
			containerPortal = 4FDAB104B1C6110A770CC389 /* Project object */;
			proxyType = 1;
			remoteGlobalIDString = 11562C2D9CA08B82105BC7B6;
			remoteInfo = tvbox;
		};
/* End PBXContainerItemProxy section */

/* Begin PBXFileReference section */
		016DC7547EE0DE345E510288 /* Extensions.swift */ = {isa = PBXFileReference; lastKnownFileType = sourcecode.swift; path = Extensions.swift; sourceTree = "<group>"; };
		0212ABEA698460948737CABE /* MovieSort.swift */ = {isa = PBXFileReference; lastKnownFileType = sourcecode.swift; path = MovieSort.swift; sourceTree = "<group>"; };
		06CD8B07440DBB1EF2807795 /* FavoritesView.swift */ = {isa = PBXFileReference; lastKnownFileType = sourcecode.swift; path = FavoritesView.swift; sourceTree = "<group>"; };
		09FEA232F8084173AAC649D4 /* tvboxTests.xctest */ = {isa = PBXFileReference; includeInIndex = 0; lastKnownFileType = wrapper.cfbundle; path = tvboxTests.xctest; sourceTree = BUILT_PRODUCTS_DIR; };
		0A7F257F6B68F93D58E8C032 /* SettingsViewModel.swift */ = {isa = PBXFileReference; lastKnownFileType = sourcecode.swift; path = SettingsViewModel.swift; sourceTree = "<group>"; };
		0C0217E00DE1B92A89B4D7C3 /* SearchViewModel.swift */ = {isa = PBXFileReference; lastKnownFileType = sourcecode.swift; path = SearchViewModel.swift; sourceTree = "<group>"; };
		131429F267F6A418C282831A /* DetailView.swift */ = {isa = PBXFileReference; lastKnownFileType = sourcecode.swift; path = DetailView.swift; sourceTree = "<group>"; };
		20A55A948F85435F0D52336B /* AddPageSheet.swift */ = {isa = PBXFileReference; lastKnownFileType = sourcecode.swift; path = AddPageSheet.swift; sourceTree = "<group>"; };
		21306B53D5CA8BB88593A55D /* LiveViewModel.swift */ = {isa = PBXFileReference; lastKnownFileType = sourcecode.swift; path = LiveViewModel.swift; sourceTree = "<group>"; };
		269FD665F80615609817E428 /* PlayerGestureLayerPropertyTests.swift */ = {isa = PBXFileReference; lastKnownFileType = sourcecode.swift; path = PlayerGestureLayerPropertyTests.swift; sourceTree = "<group>"; };
		2C92A5E4E28B59BF75D39706 /* HomeViewModel.swift */ = {isa = PBXFileReference; lastKnownFileType = sourcecode.swift; path = HomeViewModel.swift; sourceTree = "<group>"; };
		3EE159FC0B6328166F56CE36 /* Assets.xcassets */ = {isa = PBXFileReference; lastKnownFileType = folder.assetcatalog; path = Assets.xcassets; sourceTree = "<group>"; };
		4881D1654B02C41794F52423 /* XptvPresetSources.swift */ = {isa = PBXFileReference; lastKnownFileType = sourcecode.swift; path = XptvPresetSources.swift; sourceTree = "<group>"; };
		4881D1654B02C41794F52424 /* HLSResourceLoaderDelegate.swift */ = {isa = PBXFileReference; lastKnownFileType = sourcecode.swift; path = HLSResourceLoaderDelegate.swift; sourceTree = "<group>"; };
		54D163D4F6A45E9ACA696071 /* tvboxApp.swift */ = {isa = PBXFileReference; lastKnownFileType = sourcecode.swift; path = tvboxApp.swift; sourceTree = "<group>"; };
		5EDFB004DA6642926C611BC9 /* PlayerGestureLayerZoneClassificationTests.swift */ = {isa = PBXFileReference; lastKnownFileType = sourcecode.swift; path = PlayerGestureLayerZoneClassificationTests.swift; sourceTree = "<group>"; };
		617855BC3AE2B293C71A0DA4 /* SourceBean.swift */ = {isa = PBXFileReference; lastKnownFileType = sourcecode.swift; path = SourceBean.swift; sourceTree = "<group>"; };
		61A01DF8207B35D63D075056 /* xptv_sources.json */ = {isa = PBXFileReference; lastKnownFileType = text.json; path = xptv_sources.json; sourceTree = "<group>"; };
		6D8B3DC7E0B9C01A294C47FC /* DetailViewModel.swift */ = {isa = PBXFileReference; lastKnownFileType = sourcecode.swift; path = DetailViewModel.swift; sourceTree = "<group>"; };
		6EE08247136FF788C621DA20 /* DesignSystem.swift */ = {isa = PBXFileReference; lastKnownFileType = sourcecode.swift; path = DesignSystem.swift; sourceTree = "<group>"; };
		6F4341B27BB1A860CB183467 /* ContentView.swift */ = {isa = PBXFileReference; lastKnownFileType = sourcecode.swift; path = ContentView.swift; sourceTree = "<group>"; };
		7077934707CEA1AEB06F1EF7 /* tvbox-macOS.app */ = {isa = PBXFileReference; explicitFileType = wrapper.application; includeInIndex = 0; path = "tvbox-macOS.app"; sourceTree = BUILT_PRODUCTS_DIR; };
		74B2E6B616F6AE034C7CC242 /* ChannelOverlayView.swift */ = {isa = PBXFileReference; lastKnownFileType = sourcecode.swift; path = ChannelOverlayView.swift; sourceTree = "<group>"; };
		7752B731B0A015EB4B85BFB1 /* NetworkMonitor.swift */ = {isa = PBXFileReference; lastKnownFileType = sourcecode.swift; path = NetworkMonitor.swift; sourceTree = "<group>"; };
		7A12D4549628C3FFBA736748 /* LivePlayerGestureLayer.swift */ = {isa = PBXFileReference; lastKnownFileType = sourcecode.swift; path = LivePlayerGestureLayer.swift; sourceTree = "<group>"; };
		7FAB47D447BF6A9FC1A80BE9 /* ChannelOverlayGroupWidthPropertyTests.swift */ = {isa = PBXFileReference; lastKnownFileType = sourcecode.swift; path = ChannelOverlayGroupWidthPropertyTests.swift; sourceTree = "<group>"; };
		8AAD980DF9D6ABDD040AC805 /* SearchView.swift */ = {isa = PBXFileReference; lastKnownFileType = sourcecode.swift; path = SearchView.swift; sourceTree = "<group>"; };
		8E7FB1EF8D1D9B109BFE7981 /* EmptyStateView.swift */ = {isa = PBXFileReference; lastKnownFileType = sourcecode.swift; path = EmptyStateView.swift; sourceTree = "<group>"; };
		90F26F870D1B587C1292A189 /* HomeView.swift */ = {isa = PBXFileReference; lastKnownFileType = sourcecode.swift; path = HomeView.swift; sourceTree = "<group>"; };
		9777D260D16B089DA2DACB22 /* PlayerGestureLayerTests.swift */ = {isa = PBXFileReference; lastKnownFileType = sourcecode.swift; path = PlayerGestureLayerTests.swift; sourceTree = "<group>"; };
		98A5ADBA89C07920FE7DE302 /* tvbox-macOS.entitlements */ = {isa = PBXFileReference; lastKnownFileType = text.plist.entitlements; path = "tvbox-macOS.entitlements"; sourceTree = "<group>"; };
		A10969CAA236B75C35062BCE /* SettingsView.swift */ = {isa = PBXFileReference; lastKnownFileType = sourcecode.swift; path = SettingsView.swift; sourceTree = "<group>"; };
		A5767F0D984BBEFBB9101110 /* PlayerGestureLayerZoomClampingTests.swift */ = {isa = PBXFileReference; lastKnownFileType = sourcecode.swift; path = PlayerGestureLayerZoomClampingTests.swift; sourceTree = "<group>"; };
		AA608E781D094B187D3034FD /* VodInfo.swift */ = {isa = PBXFileReference; lastKnownFileType = sourcecode.swift; path = VodInfo.swift; sourceTree = "<group>"; };
		B2BF545AAFFFFD0B6F7B33E8 /* PlayerEngine.swift */ = {isa = PBXFileReference; lastKnownFileType = sourcecode.swift; path = PlayerEngine.swift; sourceTree = "<group>"; };
		B3D8D6F9D894DBE0594084F9 /* LiveView.swift */ = {isa = PBXFileReference; lastKnownFileType = sourcecode.swift; path = LiveView.swift; sourceTree = "<group>"; };
		B9D5D580A3FABBCD5EE1F9A0 /* EpisodeListView.swift */ = {isa = PBXFileReference; lastKnownFileType = sourcecode.swift; path = EpisodeListView.swift; sourceTree = "<group>"; };
		BB87D0D74C7CB27B06EBBC4A /* PlayerView.swift */ = {isa = PBXFileReference; lastKnownFileType = sourcecode.swift; path = PlayerView.swift; sourceTree = "<group>"; };
		BFD32454522C32D876921A30 /* CacheStore.swift */ = {isa = PBXFileReference; lastKnownFileType = sourcecode.swift; path = CacheStore.swift; sourceTree = "<group>"; };
		CE83E7D21400ACFE3BC6ED38 /* LiveModels.swift */ = {isa = PBXFileReference; lastKnownFileType = sourcecode.swift; path = LiveModels.swift; sourceTree = "<group>"; };
		D1006DD8209F63DC3AC3C718 /* NetworkManager.swift */ = {isa = PBXFileReference; lastKnownFileType = sourcecode.swift; path = NetworkManager.swift; sourceTree = "<group>"; };
		D5DFDD8C597739AD4B443C03 /* SourceService.swift */ = {isa = PBXFileReference; lastKnownFileType = sourcecode.swift; path = SourceService.swift; sourceTree = "<group>"; };
		D6F94E23C5085A1C8ACB4856 /* ApiConfig.swift */ = {isa = PBXFileReference; lastKnownFileType = sourcecode.swift; path = ApiConfig.swift; sourceTree = "<group>"; };
		D791457269BE952C496ECE55 /* Movie.swift */ = {isa = PBXFileReference; lastKnownFileType = sourcecode.swift; path = Movie.swift; sourceTree = "<group>"; };
		D7E4C072E6E08BB69F8197AA /* JSSpiderEngine.swift */ = {isa = PBXFileReference; lastKnownFileType = sourcecode.swift; path = JSSpiderEngine.swift; sourceTree = "<group>"; };
		D8C9AE4C996D575C52B34873 /* SpiderDOM.js */ = {isa = PBXFileReference; lastKnownFileType = sourcecode.javascript; path = SpiderDOM.js; sourceTree = "<group>"; };
		DDB6B7E1747D5E2C29B54066 /* AppConfig.swift */ = {isa = PBXFileReference; lastKnownFileType = sourcecode.swift; path = AppConfig.swift; sourceTree = "<group>"; };
		DE52456C613016065CF59F9C /* HistoryView.swift */ = {isa = PBXFileReference; lastKnownFileType = sourcecode.swift; path = HistoryView.swift; sourceTree = "<group>"; };
		DEDBFF884A656042E3EF74AA /* VLCPlayerView.swift */ = {isa = PBXFileReference; lastKnownFileType = sourcecode.swift; path = VLCPlayerView.swift; sourceTree = "<group>"; };
		E5234A75D14EAE9141633FCA /* tvbox.app */ = {isa = PBXFileReference; includeInIndex = 0; lastKnownFileType = wrapper.application; path = tvbox.app; sourceTree = BUILT_PRODUCTS_DIR; };
		E64444D4CBE0502858CBD7E4 /* tvbox-Tests.xctest */ = {isa = PBXFileReference; includeInIndex = 0; lastKnownFileType = wrapper.cfbundle; path = "tvbox-Tests.xctest"; sourceTree = BUILT_PRODUCTS_DIR; };
		E7491D05031A04661718FF52 /* PlayerGestureLayer.swift */ = {isa = PBXFileReference; lastKnownFileType = sourcecode.swift; path = PlayerGestureLayer.swift; sourceTree = "<group>"; };
		E81C1B0D20EE3EFB6B58418B /* ProfileView.swift */ = {isa = PBXFileReference; lastKnownFileType = sourcecode.swift; path = ProfileView.swift; sourceTree = "<group>"; };
		EF32540F2107786AF4ECD571 /* HapticManager.swift */ = {isa = PBXFileReference; lastKnownFileType = sourcecode.swift; path = HapticManager.swift; sourceTree = "<group>"; };
		F905D1244D5DE13DBCEE170F /* VodCardView.swift */ = {isa = PBXFileReference; lastKnownFileType = sourcecode.swift; path = VodCardView.swift; sourceTree = "<group>"; };
		F94A00A34008D4CDDDF8C42B /* DrpyRuntime.swift */ = {isa = PBXFileReference; lastKnownFileType = sourcecode.swift; path = DrpyRuntime.swift; sourceTree = "<group>"; };
		F9D8F43EAE0E8E575EA7BF5C /* SpiderDOM-LICENSE.txt */ = {isa = PBXFileReference; lastKnownFileType = text; path = "SpiderDOM-LICENSE.txt"; sourceTree = "<group>"; };
/* End PBXFileReference section */

/* Begin PBXFrameworksBuildPhase section */
		9B1DACF57AD7C7B69241F787 /* Frameworks */ = {
			isa = PBXFrameworksBuildPhase;
			buildActionMask = 2147483647;
			files = (
				211847D0D4F382678F5EDE96 /* VLCKitSPM in Frameworks */,
			);
			runOnlyForDeploymentPostprocessing = 0;
		};
		B5376B80D38F14CA8E597FA9 /* Frameworks */ = {
			isa = PBXFrameworksBuildPhase;
			buildActionMask = 2147483647;
			files = (
				960791F95D922E104CD855F8 /* VLCKitSPM in Frameworks */,
			);
			runOnlyForDeploymentPostprocessing = 0;
		};
/* End PBXFrameworksBuildPhase section */

/* Begin PBXGroup section */
		0DC718CBB8525FF557009CD8 /* Utils */ = {
			isa = PBXGroup;
			children = (
				016DC7547EE0DE345E510288 /* Extensions.swift */,
				EF32540F2107786AF4ECD571 /* HapticManager.swift */,
			);
			path = Utils;
			sourceTree = "<group>";
		};
		0F55DB9D84FD47BF11F99DE5 /* tvbox-Tests */ = {
			isa = PBXGroup;
			children = (
				9777D260D16B089DA2DACB22 /* PlayerGestureLayerTests.swift */,
				5EDFB004DA6642926C611BC9 /* PlayerGestureLayerZoneClassificationTests.swift */,
			);
			path = "tvbox-Tests";
			sourceTree = "<group>";
		};
		22CB65DE627DB94747387944 /* Services */ = {
			isa = PBXGroup;
			children = (
				72EC05411CFBB885C10F7536 /* Spider */,
				D6F94E23C5085A1C8ACB4856 /* ApiConfig.swift */,
				D1006DD8209F63DC3AC3C718 /* NetworkManager.swift */,
				7752B731B0A015EB4B85BFB1 /* NetworkMonitor.swift */,
				D5DFDD8C597739AD4B443C03 /* SourceService.swift */,
				4881D1654B02C41794F52423 /* XptvPresetSources.swift */,
				4881D1654B02C41794F52424 /* HLSResourceLoaderDelegate.swift */,
			);
			path = Services;
			sourceTree = "<group>";
		};
		2990EE415D2440DE11757F52 /* Player */ = {
			isa = PBXGroup;
			children = (
				7A12D4549628C3FFBA736748 /* LivePlayerGestureLayer.swift */,
				E7491D05031A04661718FF52 /* PlayerGestureLayer.swift */,
				BB87D0D74C7CB27B06EBBC4A /* PlayerView.swift */,
				DEDBFF884A656042E3EF74AA /* VLCPlayerView.swift */,
			);
			path = Player;
			sourceTree = "<group>";
		};
		2B5161C9D7D5ECC250A7FFC0 /* Search */ = {
			isa = PBXGroup;
			children = (
				8AAD980DF9D6ABDD040AC805 /* SearchView.swift */,
			);
			path = Search;
			sourceTree = "<group>";
		};
		2CDB960D512B40AF659C0811 /* tvboxTests */ = {
			isa = PBXGroup;
			children = (
				7FAB47D447BF6A9FC1A80BE9 /* ChannelOverlayGroupWidthPropertyTests.swift */,
				269FD665F80615609817E428 /* PlayerGestureLayerPropertyTests.swift */,
				A5767F0D984BBEFBB9101110 /* PlayerGestureLayerZoomClampingTests.swift */,
			);
			path = tvboxTests;
			sourceTree = "<group>";
		};
		2D13F96D465DAF4A57E7F402 /* Profile */ = {
			isa = PBXGroup;
			children = (
				E81C1B0D20EE3EFB6B58418B /* ProfileView.swift */,
			);
			path = Profile;
			sourceTree = "<group>";
		};
		2E56FD5A2A716ED24B655259 /* Models */ = {
			isa = PBXGroup;
			children = (
				DDB6B7E1747D5E2C29B54066 /* AppConfig.swift */,
				CE83E7D21400ACFE3BC6ED38 /* LiveModels.swift */,
				D791457269BE952C496ECE55 /* Movie.swift */,
				0212ABEA698460948737CABE /* MovieSort.swift */,
				B2BF545AAFFFFD0B6F7B33E8 /* PlayerEngine.swift */,
				617855BC3AE2B293C71A0DA4 /* SourceBean.swift */,
				AA608E781D094B187D3034FD /* VodInfo.swift */,
			);
			path = Models;
			sourceTree = "<group>";
		};
		395C32C174B961E32AF81E4F /* Settings */ = {
			isa = PBXGroup;
			children = (
				20A55A948F85435F0D52336B /* AddPageSheet.swift */,
				A10969CAA236B75C35062BCE /* SettingsView.swift */,
			);
			path = Settings;
			sourceTree = "<group>";
		};
		4D47ACD45B1BF337CCB04FCC /* Views */ = {
			isa = PBXGroup;
			children = (
				6B3F725811AE256C79413905 /* Common */,
				8798AB58636EE4E2C7410D3E /* Detail */,
				8AEC948634E120213D3731BD /* Favorites */,
				FF7A64851C810E1636763FE2 /* History */,
				FD7DFF54835B377CB9BF5A82 /* Home */,
				D3F1B37CB4D7643D7F7639CE /* Live */,
				2990EE415D2440DE11757F52 /* Player */,
				2D13F96D465DAF4A57E7F402 /* Profile */,
				2B5161C9D7D5ECC250A7FFC0 /* Search */,
				395C32C174B961E32AF81E4F /* Settings */,
				6F4341B27BB1A860CB183467 /* ContentView.swift */,
				6EE08247136FF788C621DA20 /* DesignSystem.swift */,
			);
			path = Views;
			sourceTree = "<group>";
		};
		619FDAACD7BFF9CA03E84145 = {
			isa = PBXGroup;
			children = (
				8B5798117EA20DF680EFD3CA /* tvbox */,
				0F55DB9D84FD47BF11F99DE5 /* tvbox-Tests */,
				2CDB960D512B40AF659C0811 /* tvboxTests */,
				AF26E3B8CC541C336E1ECDDB /* Products */,
			);
			sourceTree = "<group>";
		};
		6B3F725811AE256C79413905 /* Common */ = {
			isa = PBXGroup;
			children = (
				8E7FB1EF8D1D9B109BFE7981 /* EmptyStateView.swift */,
			);
			path = Common;
			sourceTree = "<group>";
		};
		72EC05411CFBB885C10F7536 /* Spider */ = {
			isa = PBXGroup;
			children = (
				F94A00A34008D4CDDDF8C42B /* DrpyRuntime.swift */,
				D7E4C072E6E08BB69F8197AA /* JSSpiderEngine.swift */,
				F9D8F43EAE0E8E575EA7BF5C /* SpiderDOM-LICENSE.txt */,
				D8C9AE4C996D575C52B34873 /* SpiderDOM.js */,
			);
			path = Spider;
			sourceTree = "<group>";
		};
		837A55F21477081BDA8D1C05 /* Persistence */ = {
			isa = PBXGroup;
			children = (
				BFD32454522C32D876921A30 /* CacheStore.swift */,
			);
			path = Persistence;
			sourceTree = "<group>";
		};
		8798AB58636EE4E2C7410D3E /* Detail */ = {
			isa = PBXGroup;
			children = (
				131429F267F6A418C282831A /* DetailView.swift */,
				B9D5D580A3FABBCD5EE1F9A0 /* EpisodeListView.swift */,
			);
			path = Detail;
			sourceTree = "<group>";
		};
		8AEC948634E120213D3731BD /* Favorites */ = {
			isa = PBXGroup;
			children = (
				06CD8B07440DBB1EF2807795 /* FavoritesView.swift */,
			);
			path = Favorites;
			sourceTree = "<group>";
		};
		8B5798117EA20DF680EFD3CA /* tvbox */ = {
			isa = PBXGroup;
			children = (
				2E56FD5A2A716ED24B655259 /* Models */,
				837A55F21477081BDA8D1C05 /* Persistence */,
				22CB65DE627DB94747387944 /* Services */,
				0DC718CBB8525FF557009CD8 /* Utils */,
				E1FD870365F6D4FD67730DBD /* ViewModels */,
				4D47ACD45B1BF337CCB04FCC /* Views */,
				3EE159FC0B6328166F56CE36 /* Assets.xcassets */,
				98A5ADBA89C07920FE7DE302 /* tvbox-macOS.entitlements */,
				54D163D4F6A45E9ACA696071 /* tvboxApp.swift */,
				61A01DF8207B35D63D075056 /* xptv_sources.json */,
			);
			path = tvbox;
			sourceTree = "<group>";
		};
		AF26E3B8CC541C336E1ECDDB /* Products */ = {
			isa = PBXGroup;
			children = (
				7077934707CEA1AEB06F1EF7 /* tvbox-macOS.app */,
				E64444D4CBE0502858CBD7E4 /* tvbox-Tests.xctest */,
				E5234A75D14EAE9141633FCA /* tvbox.app */,
				09FEA232F8084173AAC649D4 /* tvboxTests.xctest */,
			);
			name = Products;
			sourceTree = "<group>";
		};
		D3F1B37CB4D7643D7F7639CE /* Live */ = {
			isa = PBXGroup;
			children = (
				74B2E6B616F6AE034C7CC242 /* ChannelOverlayView.swift */,
				B3D8D6F9D894DBE0594084F9 /* LiveView.swift */,
			);
			path = Live;
			sourceTree = "<group>";
		};
		E1FD870365F6D4FD67730DBD /* ViewModels */ = {
			isa = PBXGroup;
			children = (
				6D8B3DC7E0B9C01A294C47FC /* DetailViewModel.swift */,
				2C92A5E4E28B59BF75D39706 /* HomeViewModel.swift */,
				21306B53D5CA8BB88593A55D /* LiveViewModel.swift */,
				0C0217E00DE1B92A89B4D7C3 /* SearchViewModel.swift */,
				0A7F257F6B68F93D58E8C032 /* SettingsViewModel.swift */,
			);
			path = ViewModels;
			sourceTree = "<group>";
		};
		FD7DFF54835B377CB9BF5A82 /* Home */ = {
			isa = PBXGroup;
			children = (
				90F26F870D1B587C1292A189 /* HomeView.swift */,
				F905D1244D5DE13DBCEE170F /* VodCardView.swift */,
			);
			path = Home;
			sourceTree = "<group>";
		};
		FF7A64851C810E1636763FE2 /* History */ = {
			isa = PBXGroup;
			children = (
				DE52456C613016065CF59F9C /* HistoryView.swift */,
			);
			path = History;
			sourceTree = "<group>";
		};
/* End PBXGroup section */

/* Begin PBXNativeTarget section */
		11562C2D9CA08B82105BC7B6 /* tvbox */ = {
			isa = PBXNativeTarget;
			buildConfigurationList = 508114AC3B63D46910416F38 /* Build configuration list for PBXNativeTarget "tvbox" */;
			buildPhases = (
				89EE06EE9942A5C42303E3C1 /* Sources */,
				454DA0711019947875651FA4 /* Resources */,
				B5376B80D38F14CA8E597FA9 /* Frameworks */,
			);
			buildRules = (
			);
			dependencies = (
			);
			name = tvbox;
			packageProductDependencies = (
				1C6BDE11E85522F286D15861 /* VLCKitSPM */,
			);
			productName = tvbox;
			productReference = E5234A75D14EAE9141633FCA /* tvbox.app */;
			productType = "com.apple.product-type.application";
		};
		6654D9217FBAAC8D637C69A8 /* tvbox-Tests */ = {
			isa = PBXNativeTarget;
			buildConfigurationList = E2BCF6682D0CE82B69B74411 /* Build configuration list for PBXNativeTarget "tvbox-Tests" */;
			buildPhases = (
				0B9604C19AD94C5FF651FC38 /* Sources */,
			);
			buildRules = (
			);
			dependencies = (
				AEB1CA8F6E9D3FE63870B42F /* PBXTargetDependency */,
			);
			name = "tvbox-Tests";
			packageProductDependencies = (
			);
			productName = "tvbox-Tests";
			productReference = E64444D4CBE0502858CBD7E4 /* tvbox-Tests.xctest */;
			productType = "com.apple.product-type.bundle.unit-test";
		};
		793E3BB44A68A9F75C89F0C1 /* tvbox-macOS */ = {
			isa = PBXNativeTarget;
			buildConfigurationList = B562A6D461B4EAA4BD297CA0 /* Build configuration list for PBXNativeTarget "tvbox-macOS" */;
			buildPhases = (
				DE6D8B68783A8C16E41932B1 /* Sources */,
				EC13F9781D114457104B12F5 /* Resources */,
				9B1DACF57AD7C7B69241F787 /* Frameworks */,
			);
			buildRules = (
			);
			dependencies = (
			);
			name = "tvbox-macOS";
			packageProductDependencies = (
				A8E4ADD9D85C0FCB9811382F /* VLCKitSPM */,
			);
			productName = "tvbox-macOS";
			productReference = 7077934707CEA1AEB06F1EF7 /* tvbox-macOS.app */;
			productType = "com.apple.product-type.application";
		};
		A8BE1A152DDC63C329EA702B /* tvboxTests */ = {
			isa = PBXNativeTarget;
			buildConfigurationList = E226A42B8E14F285EA8D5D9A /* Build configuration list for PBXNativeTarget "tvboxTests" */;
			buildPhases = (
				7FF57815F26F4F3DCFA4F2EC /* Sources */,
			);
			buildRules = (
			);
			dependencies = (
				A407E73109D81FAE254645AA /* PBXTargetDependency */,
			);
			name = tvboxTests;
			packageProductDependencies = (
			);
			productName = tvboxTests;
			productReference = 09FEA232F8084173AAC649D4 /* tvboxTests.xctest */;
			productType = "com.apple.product-type.bundle.unit-test";
		};
/* End PBXNativeTarget section */

/* Begin PBXProject section */
		4FDAB104B1C6110A770CC389 /* Project object */ = {
			isa = PBXProject;
			attributes = {
				BuildIndependentTargetsInParallel = YES;
				LastUpgradeCheck = 1600;
				TargetAttributes = {
					11562C2D9CA08B82105BC7B6 = {
						DevelopmentTeam = WP3M36TK8M;
						ProvisioningStyle = Automatic;
					};
					6654D9217FBAAC8D637C69A8 = {
						DevelopmentTeam = WP3M36TK8M;
						ProvisioningStyle = Automatic;
					};
					793E3BB44A68A9F75C89F0C1 = {
						DevelopmentTeam = WP3M36TK8M;
						ProvisioningStyle = Automatic;
					};
					A8BE1A152DDC63C329EA702B = {
						DevelopmentTeam = WP3M36TK8M;
						ProvisioningStyle = Automatic;
					};
				};
			};
			buildConfigurationList = 11680A25F1091D819FA55F7B /* Build configuration list for PBXProject "tvbox" */;
			developmentRegion = en;
			hasScannedForEncodings = 0;
			knownRegions = (
				Base,
				en,
			);
			mainGroup = 619FDAACD7BFF9CA03E84145;
			minimizedProjectReferenceProxies = 1;
			packageReferences = (
				5D3D6EC1BAD806031C371C6E /* XCRemoteSwiftPackageReference "vlckit-spm" */,
			);
			preferredProjectObjectVersion = 77;
			productRefGroup = AF26E3B8CC541C336E1ECDDB /* Products */;
			projectDirPath = "";
			projectRoot = "";
			targets = (
				11562C2D9CA08B82105BC7B6 /* tvbox */,
				6654D9217FBAAC8D637C69A8 /* tvbox-Tests */,
				793E3BB44A68A9F75C89F0C1 /* tvbox-macOS */,
				A8BE1A152DDC63C329EA702B /* tvboxTests */,
			);
		};
/* End PBXProject section */

/* Begin PBXResourcesBuildPhase section */
		454DA0711019947875651FA4 /* Resources */ = {
			isa = PBXResourcesBuildPhase;
			buildActionMask = 2147483647;
			files = (
				9B53D7CD9BD54DE0834D7FC7 /* Assets.xcassets in Resources */,
				4818D9D8E7F22327C7561718 /* SpiderDOM-LICENSE.txt in Resources */,
				7F03AE3E3CFBA28177A7CA43 /* SpiderDOM.js in Resources */,
				CFE65EACCC8FC5B270E21E74 /* xptv_sources.json in Resources */,
			);
			runOnlyForDeploymentPostprocessing = 0;
		};
		EC13F9781D114457104B12F5 /* Resources */ = {
			isa = PBXResourcesBuildPhase;
			buildActionMask = 2147483647;
			files = (
				7C95C692E1A80145DED49DD3 /* Assets.xcassets in Resources */,
				E743E2AFAE1208AD145A13D3 /* SpiderDOM-LICENSE.txt in Resources */,
				5D58C173207184E4DF141867 /* SpiderDOM.js in Resources */,
				BCB780FC2D4AAEE0916405CB /* xptv_sources.json in Resources */,
			);
			runOnlyForDeploymentPostprocessing = 0;
		};
/* End PBXResourcesBuildPhase section */

/* Begin PBXSourcesBuildPhase section */
		0B9604C19AD94C5FF651FC38 /* Sources */ = {
			isa = PBXSourcesBuildPhase;
			buildActionMask = 2147483647;
			files = (
				CF28A416A2BCEF2E37892899 /* ChannelOverlayGroupWidthPropertyTests.swift in Sources */,
				F351B1ECC80D0C2A15DE2BEC /* PlayerGestureLayerPropertyTests.swift in Sources */,
				D3B09E23F0DFA6298CCE6B40 /* PlayerGestureLayerTests.swift in Sources */,
				C04126B16A89AF84E7EAC441 /* PlayerGestureLayerZoneClassificationTests.swift in Sources */,
				CFF1FF7DF205B2E3CFBF9DD0 /* PlayerGestureLayerZoomClampingTests.swift in Sources */,
			);
			runOnlyForDeploymentPostprocessing = 0;
		};
		7FF57815F26F4F3DCFA4F2EC /* Sources */ = {
			isa = PBXSourcesBuildPhase;
			buildActionMask = 2147483647;
			files = (
				9231BB5D5B5D6E7172B46775 /* ChannelOverlayGroupWidthPropertyTests.swift in Sources */,
				FFA89F351987A1217DBC56B2 /* PlayerGestureLayerPropertyTests.swift in Sources */,
				9995EE797BCD482A8D371F26 /* PlayerGestureLayerZoomClampingTests.swift in Sources */,
			);
			runOnlyForDeploymentPostprocessing = 0;
		};
		89EE06EE9942A5C42303E3C1 /* Sources */ = {
			isa = PBXSourcesBuildPhase;
			buildActionMask = 2147483647;
			files = (
				3D4BF5AA117918AA2A245DC4 /* AddPageSheet.swift in Sources */,
				633ECC16BBEA9AB61841F8A3 /* ApiConfig.swift in Sources */,
				3E399383D92192CDA8840FEB /* AppConfig.swift in Sources */,
				DB893501C654D6CC2D71D198 /* CacheStore.swift in Sources */,
				F19D2281D427FEE5B1349769 /* ChannelOverlayView.swift in Sources */,
				0E9ABBA046E84A91B5DC3BBB /* ContentView.swift in Sources */,
				2C85CE605FC864EB479F3CCC /* DesignSystem.swift in Sources */,
				4E84E7083C81F5A8E3C8FFD8 /* DetailView.swift in Sources */,
				969EE3F9ACF8E1A3026CC37F /* DetailViewModel.swift in Sources */,
				FBE2D5A6A44D153036A88F2A /* DrpyRuntime.swift in Sources */,
				BB051B00E5F63DCFF9BC013A /* EmptyStateView.swift in Sources */,
				69BDB52A3ADDA43EAE59DE4B /* EpisodeListView.swift in Sources */,
				12314BE9C595577FEE1839BB /* Extensions.swift in Sources */,
				F49BBFD0CCDE27C63FD97180 /* FavoritesView.swift in Sources */,
				0D5200B31179039E1BB61DE5 /* HapticManager.swift in Sources */,
				D8412DB044659CA4507DE219 /* HistoryView.swift in Sources */,
				97B3904616111CE93232423E /* HomeView.swift in Sources */,
				5D208E481C6F97783B92E78C /* HomeViewModel.swift in Sources */,
				AA1A2F741094AAC763DDD361 /* JSSpiderEngine.swift in Sources */,
				E983FD4D6902C9F359528F2E /* LiveModels.swift in Sources */,
				7D0F71AA151C3F8CE8EB962B /* LivePlayerGestureLayer.swift in Sources */,
				267A5751434568E302E0C902 /* LiveView.swift in Sources */,
				19291FACD401CDE0E6E2963E /* LiveViewModel.swift in Sources */,
				0B78C3CA1D93FA29531ABD0B /* Movie.swift in Sources */,
				68A7BF3D3ECDA73637B644C8 /* MovieSort.swift in Sources */,
				5931E2182CBA71FD467BC61B /* NetworkManager.swift in Sources */,
				F01490300EAFDF38F8BD5D46 /* NetworkMonitor.swift in Sources */,
				2F841DB8CE3BFB7C4F391B52 /* PlayerEngine.swift in Sources */,
				0CE56FEF7BEDF2D9AF2DD1AD /* PlayerGestureLayer.swift in Sources */,
				00DC0B0A8D261A9015CE9308 /* PlayerView.swift in Sources */,
				5E87760B3FDD9FCA2A532221 /* ProfileView.swift in Sources */,
				073BA70E29280BDF914166CF /* SearchView.swift in Sources */,
				1D0C0D4DD4E22EC319637BDF /* SearchViewModel.swift in Sources */,
				FA5621E49A1014D014A5906E /* SettingsView.swift in Sources */,
				80886C0A593DE429B8A62C4C /* SettingsViewModel.swift in Sources */,
				17BAC049400FFF5487ECD23B /* SourceBean.swift in Sources */,
				49FCE735A7CD8228369E3824 /* SourceService.swift in Sources */,
				85094ADB7683C758B5F5F835 /* VLCPlayerView.swift in Sources */,
				205509C747774AFBAB4F9645 /* VodCardView.swift in Sources */,
				BB36351815C53AC6EACB475A /* VodInfo.swift in Sources */,
				70FE86F693F4A3B299B3E57E /* XptvPresetSources.swift in Sources */,
				70FE86F693F4A3B299B3E57F /* HLSResourceLoaderDelegate.swift in Sources */,
				BD7E2108F8C884E1DD6EC1B9 /* tvboxApp.swift in Sources */,
			);
			runOnlyForDeploymentPostprocessing = 0;
		};
		DE6D8B68783A8C16E41932B1 /* Sources */ = {
			isa = PBXSourcesBuildPhase;
			buildActionMask = 2147483647;
			files = (
				3769620D47D8651BEBC0B1F1 /* AddPageSheet.swift in Sources */,
				3F69F139D892A91CA7DA6C73 /* ApiConfig.swift in Sources */,
				D6F4B32786BF79CBF6AB77EA /* AppConfig.swift in Sources */,
				6EC44AD626C64BC902CD9D1B /* CacheStore.swift in Sources */,
				B42C3B637B6082ECD044DBFE /* ChannelOverlayView.swift in Sources */,
				01259DBB84CEFA52CB5BC8C1 /* ContentView.swift in Sources */,
				16D0E98EA5DF105764396919 /* DesignSystem.swift in Sources */,
				6765DB90DA62DBEE185104F7 /* DetailView.swift in Sources */,
				7686C56E8FB63134FF878EDE /* DetailViewModel.swift in Sources */,
				5635EDE05BF18233EA17E0B1 /* DrpyRuntime.swift in Sources */,
				83A7D5C99EF218624DBBCAA2 /* EmptyStateView.swift in Sources */,
				72A1006A1A66F1721DD1618E /* EpisodeListView.swift in Sources */,
				5FE9E153523D77AB24B16A7E /* Extensions.swift in Sources */,
				058BC2FBB08D016A6FCF4C13 /* FavoritesView.swift in Sources */,
				329F390FCD9530CE2B19B397 /* HapticManager.swift in Sources */,
				B06E33645C9D8322D7474962 /* HistoryView.swift in Sources */,
				5EB3F1571D44835F105ED6E9 /* HomeView.swift in Sources */,
				32340EF75714EF664DC9512D /* HomeViewModel.swift in Sources */,
				633D74B74AE0C1C9E040D905 /* JSSpiderEngine.swift in Sources */,
				7CC2D33B7B438A89B03990EC /* LiveModels.swift in Sources */,
				ED9018DE19A38BEF616B71A3 /* LivePlayerGestureLayer.swift in Sources */,
				530B86138F2A404353CE37AB /* LiveView.swift in Sources */,
				9FCA2C5CC08A9369EA53B130 /* LiveViewModel.swift in Sources */,
				485F358B964A4CB6E5AC4E03 /* Movie.swift in Sources */,
				7B76864A9BC631F1A86E8104 /* MovieSort.swift in Sources */,
				5230AE350F993A4792B03F74 /* NetworkManager.swift in Sources */,
				B86C3ACE754B5F52B70588A9 /* NetworkMonitor.swift in Sources */,
				100ED189186C10410BE683C5 /* PlayerEngine.swift in Sources */,
				19FCB4D2A58F2CA96183E67A /* PlayerGestureLayer.swift in Sources */,
				F6E863F58C52916EAB766B60 /* PlayerView.swift in Sources */,
				E9DE1232C207925E93343E15 /* ProfileView.swift in Sources */,
				59DB9B1D12BAAA2F654579FE /* SearchView.swift in Sources */,
				F911F241653C76EABDA844A9 /* SearchViewModel.swift in Sources */,
				020C5667E8D08A0C9B03EC8E /* SettingsView.swift in Sources */,
				4C4402D4594D06EA9D76960A /* SettingsViewModel.swift in Sources */,
				C13E02E9A6451F57D21590A3 /* SourceBean.swift in Sources */,
				2AAA54BEC34D9A528B2208ED /* SourceService.swift in Sources */,
				B271873FE89F02840EAC6975 /* VLCPlayerView.swift in Sources */,
				217BB4F40B9348F439749C70 /* VodCardView.swift in Sources */,
				74D54978A79B511FDE79524D /* VodInfo.swift in Sources */,
				A1B1DE2C9A23253A8E7DB70A /* XptvPresetSources.swift in Sources */,
				A1B1DE2C9A23253A8E7DB70B /* HLSResourceLoaderDelegate.swift in Sources */,
				45D7A96C98872769AE01C131 /* tvboxApp.swift in Sources */,
			);
			runOnlyForDeploymentPostprocessing = 0;
		};
/* End PBXSourcesBuildPhase section */

/* Begin PBXTargetDependency section */
		A407E73109D81FAE254645AA /* PBXTargetDependency */ = {
			isa = PBXTargetDependency;
			target = 11562C2D9CA08B82105BC7B6 /* tvbox */;
			targetProxy = A86A49D753626DA6D45004CE /* PBXContainerItemProxy */;
		};
		AEB1CA8F6E9D3FE63870B42F /* PBXTargetDependency */ = {
			isa = PBXTargetDependency;
			target = 11562C2D9CA08B82105BC7B6 /* tvbox */;
			targetProxy = 7239DE519CCBFDEB377CA655 /* PBXContainerItemProxy */;
		};
/* End PBXTargetDependency section */

/* Begin XCBuildConfiguration section */
		05A4C2FBFE824459DAF6F032 /* Release */ = {
			isa = XCBuildConfiguration;
			buildSettings = {
				ASSETCATALOG_COMPILER_APPICON_NAME = AppIcon;
				ASSETCATALOG_COMPILER_GLOBAL_ACCENT_COLOR_NAME = AccentColor;
				CODE_SIGN_ENTITLEMENTS = "tvbox/tvbox-macOS.entitlements";
				CODE_SIGN_IDENTITY = "-";
				COMBINE_HIDPI_IMAGES = YES;
				CURRENT_PROJECT_VERSION = 41;
				GENERATE_INFOPLIST_FILE = YES;
				INFOPLIST_FILE = tvbox/Info.plist;
				LD_RUNPATH_SEARCH_PATHS = (
					"$(inherited)",
					"@executable_path/../Frameworks",
				);
				MACOSX_DEPLOYMENT_TARGET = 14.0;
				MARKETING_VERSION = 1.0.3;
				PRODUCT_BUNDLE_IDENTIFIER = com.tvbox.app.macos;
				PRODUCT_NAME = TVBox;
				SDKROOT = macosx;
				SWIFT_EMIT_LOC_STRINGS = YES;
				SWIFT_OPTIMIZATION_LEVEL = "-O";
			};
			name = Release;
		};
		1D0F1FB90BBBEFD70A204F5F /* Release */ = {
			isa = XCBuildConfiguration;
			buildSettings = {
				ALWAYS_SEARCH_USER_PATHS = NO;
				CLANG_ANALYZER_NONNULL = YES;
				CLANG_ANALYZER_NUMBER_OBJECT_CONVERSION = YES_AGGRESSIVE;
				CLANG_CXX_LANGUAGE_STANDARD = "gnu++14";
				CLANG_CXX_LIBRARY = "libc++";
				CLANG_ENABLE_MODULES = YES;
				CLANG_ENABLE_OBJC_ARC = YES;
				CLANG_ENABLE_OBJC_WEAK = YES;
				CLANG_WARN_BLOCK_CAPTURE_AUTORELEASING = YES;
				CLANG_WARN_BOOL_CONVERSION = YES;
				CLANG_WARN_COMMA = YES;
				CLANG_WARN_CONSTANT_CONVERSION = YES;
				CLANG_WARN_DEPRECATED_OBJC_IMPLEMENTATIONS = YES;
				CLANG_WARN_DIRECT_OBJC_ISA_USAGE = YES_ERROR;
				CLANG_WARN_DOCUMENTATION_COMMENTS = YES;
				CLANG_WARN_EMPTY_BODY = YES;
				CLANG_WARN_ENUM_CONVERSION = YES;
				CLANG_WARN_INFINITE_RECURSION = YES;
				CLANG_WARN_INT_CONVERSION = YES;
				CLANG_WARN_NON_LITERAL_NULL_CONVERSION = YES;
				CLANG_WARN_OBJC_IMPLICIT_RETAIN_SELF = YES;
				CLANG_WARN_OBJC_LITERAL_CONVERSION = YES;
				CLANG_WARN_OBJC_ROOT_CLASS = YES_ERROR;
				CLANG_WARN_QUOTED_INCLUDE_IN_FRAMEWORK_HEADER = YES;
				CLANG_WARN_RANGE_LOOP_ANALYSIS = YES;
				CLANG_WARN_STRICT_PROTOTYPES = YES;
				CLANG_WARN_SUSPICIOUS_MOVE = YES;
				CLANG_WARN_UNGUARDED_AVAILABILITY = YES_AGGRESSIVE;
				CLANG_WARN_UNREACHABLE_CODE = YES;
				CLANG_WARN__DUPLICATE_METHOD_MATCH = YES;
				CODE_SIGN_STYLE = Automatic;
				COPY_PHASE_STRIP = NO;
				DEBUG_INFORMATION_FORMAT = "dwarf-with-dsym";
				DEVELOPMENT_TEAM = WP3M36TK8M;
				ENABLE_NS_ASSERTIONS = NO;
				ENABLE_STRICT_OBJC_MSGSEND = YES;
				GCC_C_LANGUAGE_STANDARD = gnu11;
				GCC_NO_COMMON_BLOCKS = YES;
				GCC_WARN_64_TO_32_BIT_CONVERSION = YES;
				GCC_WARN_ABOUT_RETURN_TYPE = YES_ERROR;
				GCC_WARN_UNDECLARED_SELECTOR = YES;
				GCC_WARN_UNINITIALIZED_AUTOS = YES_AGGRESSIVE;
				GCC_WARN_UNUSED_FUNCTION = YES;
				GCC_WARN_UNUSED_VARIABLE = YES;
				MTL_ENABLE_DEBUG_INFO = NO;
				MTL_FAST_MATH = YES;
				PRODUCT_NAME = "$(TARGET_NAME)";
				SWIFT_COMPILATION_MODE = wholemodule;
				SWIFT_OPTIMIZATION_LEVEL = "-O";
				SWIFT_VERSION = 5.9;
			};
			name = Release;
		};
		1D806EFEE3C02D54F71A0A88 /* Debug */ = {
			isa = XCBuildConfiguration;
			buildSettings = {
				ASSETCATALOG_COMPILER_APPICON_NAME = AppIcon;
				ASSETCATALOG_COMPILER_GLOBAL_ACCENT_COLOR_NAME = AccentColor;
				CODE_SIGN_ENTITLEMENTS = "tvbox/tvbox-macOS.entitlements";
				CODE_SIGN_IDENTITY = "-";
				COMBINE_HIDPI_IMAGES = YES;
				CURRENT_PROJECT_VERSION = 41;
				GENERATE_INFOPLIST_FILE = YES;
				INFOPLIST_FILE = tvbox/Info.plist;
				LD_RUNPATH_SEARCH_PATHS = (
					"$(inherited)",
					"@executable_path/../Frameworks",
				);
				MACOSX_DEPLOYMENT_TARGET = 14.0;
				MARKETING_VERSION = 1.0.3;
				PRODUCT_BUNDLE_IDENTIFIER = com.tvbox.app.macos;
				PRODUCT_NAME = TVBox;
				SDKROOT = macosx;
				SWIFT_EMIT_LOC_STRINGS = YES;
				SWIFT_OPTIMIZATION_LEVEL = "-Onone";
			};
			name = Debug;
		};
		43D3C5B79428BA37ABA0A3D1 /* Release */ = {
			isa = XCBuildConfiguration;
			buildSettings = {
				BUNDLE_LOADER = "$(TEST_HOST)";
				GENERATE_INFOPLIST_FILE = YES;
				IPHONEOS_DEPLOYMENT_TARGET = 17.0;
				LD_RUNPATH_SEARCH_PATHS = (
					"$(inherited)",
					"@executable_path/Frameworks",
					"@loader_path/Frameworks",
				);
				PRODUCT_BUNDLE_IDENTIFIER = com.tvbox.app.tests;
				SDKROOT = iphoneos;
				SWIFT_OPTIMIZATION_LEVEL = "-O";
				TARGETED_DEVICE_FAMILY = "1,2";
				TEST_HOST = "$(BUILT_PRODUCTS_DIR)/TVBox.app/$(BUNDLE_EXECUTABLE_FOLDER_PATH)/TVBox";
			};
			name = Release;
		};
		600A01562B84DD8644C72B26 /* Release */ = {
			isa = XCBuildConfiguration;
			buildSettings = {
				BUNDLE_LOADER = "$(TEST_HOST)";
				GENERATE_INFOPLIST_FILE = YES;
				IPHONEOS_DEPLOYMENT_TARGET = 17.0;
				LD_RUNPATH_SEARCH_PATHS = (
					"$(inherited)",
					"@executable_path/Frameworks",
					"@loader_path/Frameworks",
				);
				PRODUCT_BUNDLE_IDENTIFIER = com.tvbox.app.tests;
				SDKROOT = iphoneos;
				SWIFT_OPTIMIZATION_LEVEL = "-O";
				TARGETED_DEVICE_FAMILY = "1,2";
				TEST_HOST = "$(BUILT_PRODUCTS_DIR)/TVBox.app/$(BUNDLE_EXECUTABLE_FOLDER_PATH)/TVBox";
			};
			name = Release;
		};
		6D108BA4F95E6E4B71DB1AD4 /* Debug */ = {
			isa = XCBuildConfiguration;
			buildSettings = {
				BUNDLE_LOADER = "$(TEST_HOST)";
				GENERATE_INFOPLIST_FILE = YES;
				IPHONEOS_DEPLOYMENT_TARGET = 17.0;
				LD_RUNPATH_SEARCH_PATHS = (
					"$(inherited)",
					"@executable_path/Frameworks",
					"@loader_path/Frameworks",
				);
				PRODUCT_BUNDLE_IDENTIFIER = com.tvbox.app.tests;
				SDKROOT = iphoneos;
				SWIFT_OPTIMIZATION_LEVEL = "-Onone";
				TARGETED_DEVICE_FAMILY = "1,2";
				TEST_HOST = "$(BUILT_PRODUCTS_DIR)/TVBox.app/$(BUNDLE_EXECUTABLE_FOLDER_PATH)/TVBox";
			};
			name = Debug;
		};
		8A2175BF0264F53B0EF674FF /* Debug */ = {
			isa = XCBuildConfiguration;
			buildSettings = {
				ASSETCATALOG_COMPILER_APPICON_NAME = AppIcon;
				ASSETCATALOG_COMPILER_GLOBAL_ACCENT_COLOR_NAME = AccentColor;
				CODE_SIGN_IDENTITY = "iPhone Developer";
				CURRENT_PROJECT_VERSION = 41;
				DERIVE_MACCATALYST_PRODUCT_BUNDLE_IDENTIFIER = NO;
				GENERATE_INFOPLIST_FILE = YES;
				INFOPLIST_FILE = tvbox/Info.plist;
				INFOPLIST_KEY_UIApplicationSceneManifest_Generation = YES;
				INFOPLIST_KEY_UIApplicationSupportsIndirectInputEvents = YES;
				INFOPLIST_KEY_UILaunchScreen_Generation = YES;
				INFOPLIST_KEY_UISupportedInterfaceOrientations_iPad = "UIInterfaceOrientationPortrait UIInterfaceOrientationPortraitUpsideDown UIInterfaceOrientationLandscapeLeft UIInterfaceOrientationLandscapeRight";
				INFOPLIST_KEY_UISupportedInterfaceOrientations_iPhone = "UIInterfaceOrientationPortrait UIInterfaceOrientationLandscapeLeft UIInterfaceOrientationLandscapeRight";
				IPHONEOS_DEPLOYMENT_TARGET = 17.0;
				LD_RUNPATH_SEARCH_PATHS = (
					"$(inherited)",
					"@executable_path/Frameworks",
				);
				MARKETING_VERSION = 1.0.3;
				PRODUCT_BUNDLE_IDENTIFIER = xyz.appinstall.nov.carbon.lam;
				PRODUCT_NAME = TVBox;
				SDKROOT = iphoneos;
				SUPPORTS_MACCATALYST = YES;
				SWIFT_EMIT_LOC_STRINGS = YES;
				SWIFT_OPTIMIZATION_LEVEL = "-Onone";
				TARGETED_DEVICE_FAMILY = "1,2";
			};
			name = Debug;
		};
		C2C422BFD7EA2EA2983FF28C /* Debug */ = {
			isa = XCBuildConfiguration;
			buildSettings = {
				BUNDLE_LOADER = "$(TEST_HOST)";
				GENERATE_INFOPLIST_FILE = YES;
				IPHONEOS_DEPLOYMENT_TARGET = 17.0;
				LD_RUNPATH_SEARCH_PATHS = (
					"$(inherited)",
					"@executable_path/Frameworks",
					"@loader_path/Frameworks",
				);
				PRODUCT_BUNDLE_IDENTIFIER = com.tvbox.app.tests;
				SDKROOT = iphoneos;
				SWIFT_OPTIMIZATION_LEVEL = "-Onone";
				TARGETED_DEVICE_FAMILY = "1,2";
				TEST_HOST = "$(BUILT_PRODUCTS_DIR)/TVBox.app/$(BUNDLE_EXECUTABLE_FOLDER_PATH)/TVBox";
			};
			name = Debug;
		};
		D7359975052DCED591BCFD09 /* Debug */ = {
			isa = XCBuildConfiguration;
			buildSettings = {
				ALWAYS_SEARCH_USER_PATHS = NO;
				CLANG_ANALYZER_NONNULL = YES;
				CLANG_ANALYZER_NUMBER_OBJECT_CONVERSION = YES_AGGRESSIVE;
				CLANG_CXX_LANGUAGE_STANDARD = "gnu++14";
				CLANG_CXX_LIBRARY = "libc++";
				CLANG_ENABLE_MODULES = YES;
				CLANG_ENABLE_OBJC_ARC = YES;
				CLANG_ENABLE_OBJC_WEAK = YES;
				CLANG_WARN_BLOCK_CAPTURE_AUTORELEASING = YES;
				CLANG_WARN_BOOL_CONVERSION = YES;
				CLANG_WARN_COMMA = YES;
				CLANG_WARN_CONSTANT_CONVERSION = YES;
				CLANG_WARN_DEPRECATED_OBJC_IMPLEMENTATIONS = YES;
				CLANG_WARN_DIRECT_OBJC_ISA_USAGE = YES_ERROR;
				CLANG_WARN_DOCUMENTATION_COMMENTS = YES;
				CLANG_WARN_EMPTY_BODY = YES;
				CLANG_WARN_ENUM_CONVERSION = YES;
				CLANG_WARN_INFINITE_RECURSION = YES;
				CLANG_WARN_INT_CONVERSION = YES;
				CLANG_WARN_NON_LITERAL_NULL_CONVERSION = YES;
				CLANG_WARN_OBJC_IMPLICIT_RETAIN_SELF = YES;
				CLANG_WARN_OBJC_LITERAL_CONVERSION = YES;
				CLANG_WARN_OBJC_ROOT_CLASS = YES_ERROR;
				CLANG_WARN_QUOTED_INCLUDE_IN_FRAMEWORK_HEADER = YES;
				CLANG_WARN_RANGE_LOOP_ANALYSIS = YES;
				CLANG_WARN_STRICT_PROTOTYPES = YES;
				CLANG_WARN_SUSPICIOUS_MOVE = YES;
				CLANG_WARN_UNGUARDED_AVAILABILITY = YES_AGGRESSIVE;
				CLANG_WARN_UNREACHABLE_CODE = YES;
				CLANG_WARN__DUPLICATE_METHOD_MATCH = YES;
				CODE_SIGN_STYLE = Automatic;
				COPY_PHASE_STRIP = NO;
				DEBUG_INFORMATION_FORMAT = dwarf;
				DEVELOPMENT_TEAM = WP3M36TK8M;
				ENABLE_STRICT_OBJC_MSGSEND = YES;
				ENABLE_TESTABILITY = YES;
				GCC_C_LANGUAGE_STANDARD = gnu11;
				GCC_DYNAMIC_NO_PIC = NO;
				GCC_NO_COMMON_BLOCKS = YES;
				GCC_OPTIMIZATION_LEVEL = 0;
				GCC_PREPROCESSOR_DEFINITIONS = (
					"$(inherited)",
					"DEBUG=1",
				);
				GCC_WARN_64_TO_32_BIT_CONVERSION = YES;
				GCC_WARN_ABOUT_RETURN_TYPE = YES_ERROR;
				GCC_WARN_UNDECLARED_SELECTOR = YES;
				GCC_WARN_UNINITIALIZED_AUTOS = YES_AGGRESSIVE;
				GCC_WARN_UNUSED_FUNCTION = YES;
				GCC_WARN_UNUSED_VARIABLE = YES;
				MTL_ENABLE_DEBUG_INFO = INCLUDE_SOURCE;
				MTL_FAST_MATH = YES;
				ONLY_ACTIVE_ARCH = YES;
				PRODUCT_NAME = "$(TARGET_NAME)";
				SWIFT_ACTIVE_COMPILATION_CONDITIONS = DEBUG;
				SWIFT_OPTIMIZATION_LEVEL = "-Onone";
				SWIFT_VERSION = 5.9;
			};
			name = Debug;
		};
		E2BF967A118954FC28C8C9CE /* Release */ = {
			isa = XCBuildConfiguration;
			buildSettings = {
				ASSETCATALOG_COMPILER_APPICON_NAME = AppIcon;
				ASSETCATALOG_COMPILER_GLOBAL_ACCENT_COLOR_NAME = AccentColor;
				CODE_SIGN_IDENTITY = "iPhone Developer";
				CURRENT_PROJECT_VERSION = 41;
				DERIVE_MACCATALYST_PRODUCT_BUNDLE_IDENTIFIER = NO;
				GENERATE_INFOPLIST_FILE = YES;
				INFOPLIST_FILE = tvbox/Info.plist;
				INFOPLIST_KEY_UIApplicationSceneManifest_Generation = YES;
				INFOPLIST_KEY_UIApplicationSupportsIndirectInputEvents = YES;
				INFOPLIST_KEY_UILaunchScreen_Generation = YES;
				INFOPLIST_KEY_UISupportedInterfaceOrientations_iPad = "UIInterfaceOrientationPortrait UIInterfaceOrientationPortraitUpsideDown UIInterfaceOrientationLandscapeLeft UIInterfaceOrientationLandscapeRight";
				INFOPLIST_KEY_UISupportedInterfaceOrientations_iPhone = "UIInterfaceOrientationPortrait UIInterfaceOrientationLandscapeLeft UIInterfaceOrientationLandscapeRight";
				IPHONEOS_DEPLOYMENT_TARGET = 17.0;
				LD_RUNPATH_SEARCH_PATHS = (
					"$(inherited)",
					"@executable_path/Frameworks",
				);
				MARKETING_VERSION = 1.0.3;
				PRODUCT_BUNDLE_IDENTIFIER = xyz.appinstall.nov.carbon.lam;
				PRODUCT_NAME = TVBox;
				SDKROOT = iphoneos;
				SUPPORTS_MACCATALYST = YES;
				SWIFT_EMIT_LOC_STRINGS = YES;
				SWIFT_OPTIMIZATION_LEVEL = "-O";
				TARGETED_DEVICE_FAMILY = "1,2";
			};
			name = Release;
		};
/* End XCBuildConfiguration section */

/* Begin XCConfigurationList section */
		11680A25F1091D819FA55F7B /* Build configuration list for PBXProject "tvbox" */ = {
			isa = XCConfigurationList;
			buildConfigurations = (
				D7359975052DCED591BCFD09 /* Debug */,
				1D0F1FB90BBBEFD70A204F5F /* Release */,
			);
			defaultConfigurationIsVisible = 0;
			defaultConfigurationName = Debug;
		};
		508114AC3B63D46910416F38 /* Build configuration list for PBXNativeTarget "tvbox" */ = {
			isa = XCConfigurationList;
			buildConfigurations = (
				8A2175BF0264F53B0EF674FF /* Debug */,
				E2BF967A118954FC28C8C9CE /* Release */,
			);
			defaultConfigurationIsVisible = 0;
			defaultConfigurationName = Debug;
		};
		B562A6D461B4EAA4BD297CA0 /* Build configuration list for PBXNativeTarget "tvbox-macOS" */ = {
			isa = XCConfigurationList;
			buildConfigurations = (
				1D806EFEE3C02D54F71A0A88 /* Debug */,
				05A4C2FBFE824459DAF6F032 /* Release */,
			);
			defaultConfigurationIsVisible = 0;
			defaultConfigurationName = Debug;
		};
		E226A42B8E14F285EA8D5D9A /* Build configuration list for PBXNativeTarget "tvboxTests" */ = {
			isa = XCConfigurationList;
			buildConfigurations = (
				C2C422BFD7EA2EA2983FF28C /* Debug */,
				43D3C5B79428BA37ABA0A3D1 /* Release */,
			);
			defaultConfigurationIsVisible = 0;
			defaultConfigurationName = Debug;
		};
		E2BCF6682D0CE82B69B74411 /* Build configuration list for PBXNativeTarget "tvbox-Tests" */ = {
			isa = XCConfigurationList;
			buildConfigurations = (
				6D108BA4F95E6E4B71DB1AD4 /* Debug */,
				600A01562B84DD8644C72B26 /* Release */,
			);
			defaultConfigurationIsVisible = 0;
			defaultConfigurationName = Debug;
		};
/* End XCConfigurationList section */

/* Begin XCRemoteSwiftPackageReference section */
		5D3D6EC1BAD806031C371C6E /* XCRemoteSwiftPackageReference "vlckit-spm" */ = {
			isa = XCRemoteSwiftPackageReference;
			repositoryURL = "https://github.com/tylerjonesio/vlckit-spm";
			requirement = {
				kind = upToNextMajorVersion;
				minimumVersion = 3.6.0;
			};
		};
/* End XCRemoteSwiftPackageReference section */

/* Begin XCSwiftPackageProductDependency section */
		1C6BDE11E85522F286D15861 /* VLCKitSPM */ = {
			isa = XCSwiftPackageProductDependency;
			package = 5D3D6EC1BAD806031C371C6E /* XCRemoteSwiftPackageReference "vlckit-spm" */;
			productName = VLCKitSPM;
		};
		A8E4ADD9D85C0FCB9811382F /* VLCKitSPM */ = {
			isa = XCSwiftPackageProductDependency;
			package = 5D3D6EC1BAD806031C371C6E /* XCRemoteSwiftPackageReference "vlckit-spm" */;
			productName = VLCKitSPM;
		};
/* End XCSwiftPackageProductDependency section */
	};
	rootObject = 4FDAB104B1C6110A770CC389 /* Project object */;
}
